---
lockVersion: 1.0.0
dependencies:
  codeql/controlflow:
    version: 2.0.25
  codeql/cpp-all:
    version: 7.1.0
  codeql/dataflow:
    version: 2.0.25
  codeql/mad:
    version: 1.0.41
  codeql/quantum:
    version: 0.0.19
  codeql/rangeanalysis:
    version: 1.0.41
  codeql/ssa:
    version: 2.0.17
  codeql/tutorial:
    version: 1.0.41
  codeql/typeflow:
    version: 1.0.41
  codeql/typetracking:
    version: 2.0.25
  codeql/util:
    version: 2.0.28
  codeql/xml:
    version: 1.0.41
compiled: false
